
Microsoft Visual Studio Solution File, Format Version 12.00
# Visual Studio Version 16
VisualStudioVersion = 16.0.30104.148
MinimumVisualStudioVersion = 10.0.40219.1
Project("{FAE04EC0-301F-11D3-BF4B-00C04F79EFBC}") = "EmployeesApplication", "EmptyWebApplicationForAnalysis\EmployeesApplication.csproj", "{0FD0FDBE-894F-4A76-ADD5-DF1E68B25E9B}"
EndProject
Project("{FAE04EC0-301F-11D3-BF4B-00C04F79EFBC}") = "EmployeesApplication.Test", "EmployeesApplication.Test\EmployeesApplication.Test.csproj", "{85BF0E51-E368-4217-8B48-5A9A4620BD58}"
EndProject
Global
	GlobalSection(SolutionConfigurationPlatforms) = preSolution
		Debug|Any CPU = Debug|Any CPU
		Release|Any CPU = Release|Any CPU
	EndGlobalSection
	GlobalSection(ProjectConfigurationPlatforms) = postSolution
		{0FD0FDBE-894F-4A76-ADD5-DF1E68B25E9B}.Debug|Any CPU.ActiveCfg = Debug|Any CPU
		{0FD0FDBE-894F-4A76-ADD5-DF1E68B25E9B}.Debug|Any CPU.Build.0 = Debug|Any CPU
		{0FD0FDBE-894F-4A76-ADD5-DF1E68B25E9B}.Release|Any CPU.ActiveCfg = Release|Any CPU
		{0FD0FDBE-894F-4A76-ADD5-DF1E68B25E9B}.Release|Any CPU.Build.0 = Release|Any CPU
		{85BF0E51-E368-4217-8B48-5A9A4620BD58}.Debug|Any CPU.ActiveCfg = Debug|Any CPU
		{85BF0E51-E368-4217-8B48-5A9A4620BD58}.Debug|Any CPU.Build.0 = Debug|Any CPU
		{85BF0E51-E368-4217-8B48-5A9A4620BD58}.Release|Any CPU.ActiveCfg = Release|Any CPU
		{85BF0E51-E368-4217-8B48-5A9A4620BD58}.Release|Any CPU.Build.0 = Release|Any CPU
	EndGlobalSection
	GlobalSection(SolutionProperties) = preSolution
		HideSolutionNode = FALSE
	EndGlobalSection
	GlobalSection(ExtensibilityGlobals) = postSolution
		SolutionGuid = {2F37A757-8192-4CBA-BBB8-F9174FF93714}
	EndGlobalSection
EndGlobal
